
Microsoft Visual Studio Solution File, Format Version 12.00
Project("{FAE04EC0-301F-11D3-BF4B-00C04F79EFBC}") = "Okala.WebApi", "Okala.WebApi\Okala.WebApi.csproj", "{D6AA694C-C164-4DA1-8854-6DB8E0EA5A8E}"
EndProject
Project("{2150E333-8FDC-42A3-9474-1A3956D46DE8}") = "Solution Items", "Solution Items", "{90E6F9CD-1CE1-4EC1-8D27-53E74D7182C6}"
	ProjectSection(SolutionItems) = preProject
		docker-compose.yml = docker-compose.yml
	EndProjectSection
EndProject
Project("{FAE04EC0-301F-11D3-BF4B-00C04F79EFBC}") = "Okala.Application", "Okala.Application\Okala.Application.csproj", "{CF782E26-6D91-4362-B4F4-F95217B29CF2}"
EndProject
Project("{FAE04EC0-301F-11D3-BF4B-00C04F79EFBC}") = "Okala.Infrastructure", "Okala.Infrastructure\Okala.Infrastructure.csproj", "{200E9C0E-80C4-4898-94EB-886C17A17767}"
EndProject
Project("{FAE04EC0-301F-11D3-BF4B-00C04F79EFBC}") = "Okala.Core", "Okala.Core\Okala.Core.csproj", "{8CEEC7E5-306C-4865-806E-D8610EE7045C}"
EndProject
Project("{2150E333-8FDC-42A3-9474-1A3956D46DE8}") = "Src", "Src", "{472F065A-E77E-4F4F-8CCF-144B60BF968C}"
EndProject
Project("{2150E333-8FDC-42A3-9474-1A3956D46DE8}") = "Tests", "Tests", "{0C57CC34-639A-429C-B631-2E3F9B71AAE5}"
EndProject
Project("{FAE04EC0-301F-11D3-BF4B-00C04F79EFBC}") = "Okala.Tests", "Okala.Tests\Okala.Tests.csproj", "{65BA3D65-AF8F-40CD-BAB9-BCD10327DB6E}"
EndProject
Global
	GlobalSection(SolutionConfigurationPlatforms) = preSolution
		Debug|Any CPU = Debug|Any CPU
		Release|Any CPU = Release|Any CPU
	EndGlobalSection
	GlobalSection(ProjectConfigurationPlatforms) = postSolution
		{D6AA694C-C164-4DA1-8854-6DB8E0EA5A8E}.Debug|Any CPU.ActiveCfg = Debug|Any CPU
		{D6AA694C-C164-4DA1-8854-6DB8E0EA5A8E}.Debug|Any CPU.Build.0 = Debug|Any CPU
		{D6AA694C-C164-4DA1-8854-6DB8E0EA5A8E}.Release|Any CPU.ActiveCfg = Release|Any CPU
		{D6AA694C-C164-4DA1-8854-6DB8E0EA5A8E}.Release|Any CPU.Build.0 = Release|Any CPU
		{CF782E26-6D91-4362-B4F4-F95217B29CF2}.Debug|Any CPU.ActiveCfg = Debug|Any CPU
		{CF782E26-6D91-4362-B4F4-F95217B29CF2}.Debug|Any CPU.Build.0 = Debug|Any CPU
		{CF782E26-6D91-4362-B4F4-F95217B29CF2}.Release|Any CPU.ActiveCfg = Release|Any CPU
		{CF782E26-6D91-4362-B4F4-F95217B29CF2}.Release|Any CPU.Build.0 = Release|Any CPU
		{200E9C0E-80C4-4898-94EB-886C17A17767}.Debug|Any CPU.ActiveCfg = Debug|Any CPU
		{200E9C0E-80C4-4898-94EB-886C17A17767}.Debug|Any CPU.Build.0 = Debug|Any CPU
		{200E9C0E-80C4-4898-94EB-886C17A17767}.Release|Any CPU.ActiveCfg = Release|Any CPU
		{200E9C0E-80C4-4898-94EB-886C17A17767}.Release|Any CPU.Build.0 = Release|Any CPU
		{8CEEC7E5-306C-4865-806E-D8610EE7045C}.Debug|Any CPU.ActiveCfg = Debug|Any CPU
		{8CEEC7E5-306C-4865-806E-D8610EE7045C}.Debug|Any CPU.Build.0 = Debug|Any CPU
		{8CEEC7E5-306C-4865-806E-D8610EE7045C}.Release|Any CPU.ActiveCfg = Release|Any CPU
		{8CEEC7E5-306C-4865-806E-D8610EE7045C}.Release|Any CPU.Build.0 = Release|Any CPU
		{65BA3D65-AF8F-40CD-BAB9-BCD10327DB6E}.Debug|Any CPU.ActiveCfg = Debug|Any CPU
		{65BA3D65-AF8F-40CD-BAB9-BCD10327DB6E}.Debug|Any CPU.Build.0 = Debug|Any CPU
		{65BA3D65-AF8F-40CD-BAB9-BCD10327DB6E}.Release|Any CPU.ActiveCfg = Release|Any CPU
		{65BA3D65-AF8F-40CD-BAB9-BCD10327DB6E}.Release|Any CPU.Build.0 = Release|Any CPU
	EndGlobalSection
	GlobalSection(NestedProjects) = preSolution
		{CF782E26-6D91-4362-B4F4-F95217B29CF2} = {472F065A-E77E-4F4F-8CCF-144B60BF968C}
		{8CEEC7E5-306C-4865-806E-D8610EE7045C} = {472F065A-E77E-4F4F-8CCF-144B60BF968C}
		{200E9C0E-80C4-4898-94EB-886C17A17767} = {472F065A-E77E-4F4F-8CCF-144B60BF968C}
		{D6AA694C-C164-4DA1-8854-6DB8E0EA5A8E} = {472F065A-E77E-4F4F-8CCF-144B60BF968C}
		{65BA3D65-AF8F-40CD-BAB9-BCD10327DB6E} = {0C57CC34-639A-429C-B631-2E3F9B71AAE5}
	EndGlobalSection
EndGlobal
